
Microsoft Visual Studio Solution File, Format Version 12.00
# Visual Studio Version 16
VisualStudioVersion = 16.0.31205.134
MinimumVisualStudioVersion = 10.0.40219.1
Project("{FAE04EC0-301F-11D3-BF4B-00C04F79EFBC}") = "DoFactoryMediatorPro", "MediatorDesignSol\DoFactoryMediatorPro.csproj", "{378498BA-0B07-4A5F-B467-DE3BF8334D12}"
EndProject
Project("{FAE04EC0-301F-11D3-BF4B-00C04F79EFBC}") = "DoFactoryMediator2Pro", "DoFactoryMediator2Pro\DoFactoryMediator2Pro.csproj", "{329411B1-5CF2-4703-ACA4-4BF18674CD01}"
EndProject
Global
	GlobalSection(SolutionConfigurationPlatforms) = preSolution
		Debug|Any CPU = Debug|Any CPU
		Release|Any CPU = Release|Any CPU
	EndGlobalSection
	GlobalSection(ProjectConfigurationPlatforms) = postSolution
		{378498BA-0B07-4A5F-B467-DE3BF8334D12}.Debug|Any CPU.ActiveCfg = Debug|Any CPU
		{378498BA-0B07-4A5F-B467-DE3BF8334D12}.Debug|Any CPU.Build.0 = Debug|Any CPU
		{378498BA-0B07-4A5F-B467-DE3BF8334D12}.Release|Any CPU.ActiveCfg = Release|Any CPU
		{378498BA-0B07-4A5F-B467-DE3BF8334D12}.Release|Any CPU.Build.0 = Release|Any CPU
		{329411B1-5CF2-4703-ACA4-4BF18674CD01}.Debug|Any CPU.ActiveCfg = Debug|Any CPU
		{329411B1-5CF2-4703-ACA4-4BF18674CD01}.Debug|Any CPU.Build.0 = Debug|Any CPU
		{329411B1-5CF2-4703-ACA4-4BF18674CD01}.Release|Any CPU.ActiveCfg = Release|Any CPU
		{329411B1-5CF2-4703-ACA4-4BF18674CD01}.Release|Any CPU.Build.0 = Release|Any CPU
	EndGlobalSection
	GlobalSection(SolutionProperties) = preSolution
		HideSolutionNode = FALSE
	EndGlobalSection
	GlobalSection(ExtensibilityGlobals) = postSolution
		SolutionGuid = {24961A5D-B1E7-4DC0-9461-E0280E1D7338}
	EndGlobalSection
EndGlobal
