
Microsoft Visual Studio Solution File, Format Version 12.00
# Visual Studio Version 16
VisualStudioVersion = 16.0.31205.134
MinimumVisualStudioVersion = 10.0.40219.1
Project("{FAE04EC0-301F-11D3-BF4B-00C04F79EFBC}") = "DoFactoryStrategyPro", "DoFactoryStrategySol\DoFactoryStrategyPro.csproj", "{15F64520-044A-430D-AF3D-480EA432AFD4}"
EndProject
Project("{FAE04EC0-301F-11D3-BF4B-00C04F79EFBC}") = "DoFactoryStrategy2Pro", "DoFactoryStrategy2Pro\DoFactoryStrategy2Pro.csproj", "{8116254D-D288-435C-90E6-E3C118F3CACE}"
EndProject
Global
	GlobalSection(SolutionConfigurationPlatforms) = preSolution
		Debug|Any CPU = Debug|Any CPU
		Release|Any CPU = Release|Any CPU
	EndGlobalSection
	GlobalSection(ProjectConfigurationPlatforms) = postSolution
		{15F64520-044A-430D-AF3D-480EA432AFD4}.Debug|Any CPU.ActiveCfg = Debug|Any CPU
		{15F64520-044A-430D-AF3D-480EA432AFD4}.Debug|Any CPU.Build.0 = Debug|Any CPU
		{15F64520-044A-430D-AF3D-480EA432AFD4}.Release|Any CPU.ActiveCfg = Release|Any CPU
		{15F64520-044A-430D-AF3D-480EA432AFD4}.Release|Any CPU.Build.0 = Release|Any CPU
		{8116254D-D288-435C-90E6-E3C118F3CACE}.Debug|Any CPU.ActiveCfg = Debug|Any CPU
		{8116254D-D288-435C-90E6-E3C118F3CACE}.Debug|Any CPU.Build.0 = Debug|Any CPU
		{8116254D-D288-435C-90E6-E3C118F3CACE}.Release|Any CPU.ActiveCfg = Release|Any CPU
		{8116254D-D288-435C-90E6-E3C118F3CACE}.Release|Any CPU.Build.0 = Release|Any CPU
	EndGlobalSection
	GlobalSection(SolutionProperties) = preSolution
		HideSolutionNode = FALSE
	EndGlobalSection
	GlobalSection(ExtensibilityGlobals) = postSolution
		SolutionGuid = {57FB8C0A-575A-416D-B4F5-4CF3503ED5EE}
	EndGlobalSection
EndGlobal
