
Microsoft Visual Studio Solution File, Format Version 12.00
# Visual Studio Version 16
VisualStudioVersion = 16.0.31105.61
MinimumVisualStudioVersion = 10.0.40219.1
Project("{FAE04EC0-301F-11D3-BF4B-00C04F79EFBC}") = "Demo", "Demo\Demo.csproj", "{2DFCE62A-FAEA-46C6-83DD-8E3C08A1F256}"
EndProject
Global
	GlobalSection(SolutionConfigurationPlatforms) = preSolution
		Debug|Any CPU = Debug|Any CPU
		Release|Any CPU = Release|Any CPU
	EndGlobalSection
	GlobalSection(ProjectConfigurationPlatforms) = postSolution
		{2DFCE62A-FAEA-46C6-83DD-8E3C08A1F256}.Debug|Any CPU.ActiveCfg = Debug|Any CPU
		{2DFCE62A-FAEA-46C6-83DD-8E3C08A1F256}.Debug|Any CPU.Build.0 = Debug|Any CPU
		{2DFCE62A-FAEA-46C6-83DD-8E3C08A1F256}.Release|Any CPU.ActiveCfg = Release|Any CPU
		{2DFCE62A-FAEA-46C6-83DD-8E3C08A1F256}.Release|Any CPU.Build.0 = Release|Any CPU
	EndGlobalSection
	GlobalSection(SolutionProperties) = preSolution
		HideSolutionNode = FALSE
	EndGlobalSection
	GlobalSection(ExtensibilityGlobals) = postSolution
		SolutionGuid = {C453D609-C80C-4F9B-9215-60892951753E}
	EndGlobalSection
EndGlobal
