
Microsoft Visual Studio Solution File, Format Version 12.00
# Visual Studio Version 16
VisualStudioVersion = 16.0.31129.286
MinimumVisualStudioVersion = 10.0.40219.1
Project("{9A19103F-16F7-4668-BE54-9A1E7A4F7556}") = "DoFactoryProxyPatternPro", "ProxyPatternSol\DoFactoryProxyPatternPro.csproj", "{98DEC01B-F259-483C-9499-42083703749F}"
EndProject
Project("{FAE04EC0-301F-11D3-BF4B-00C04F79EFBC}") = "DoFactoryProxy2Pro", "DoFactoryProxy2Pro\DoFactoryProxy2Pro.csproj", "{DAFA9A2E-EF13-4970-81C0-BA792153A471}"
EndProject
Global
	GlobalSection(SolutionConfigurationPlatforms) = preSolution
		Debug|Any CPU = Debug|Any CPU
		Release|Any CPU = Release|Any CPU
	EndGlobalSection
	GlobalSection(ProjectConfigurationPlatforms) = postSolution
		{98DEC01B-F259-483C-9499-42083703749F}.Debug|Any CPU.ActiveCfg = Debug|Any CPU
		{98DEC01B-F259-483C-9499-42083703749F}.Debug|Any CPU.Build.0 = Debug|Any CPU
		{98DEC01B-F259-483C-9499-42083703749F}.Release|Any CPU.ActiveCfg = Release|Any CPU
		{98DEC01B-F259-483C-9499-42083703749F}.Release|Any CPU.Build.0 = Release|Any CPU
		{DAFA9A2E-EF13-4970-81C0-BA792153A471}.Debug|Any CPU.ActiveCfg = Debug|Any CPU
		{DAFA9A2E-EF13-4970-81C0-BA792153A471}.Debug|Any CPU.Build.0 = Debug|Any CPU
		{DAFA9A2E-EF13-4970-81C0-BA792153A471}.Release|Any CPU.ActiveCfg = Release|Any CPU
		{DAFA9A2E-EF13-4970-81C0-BA792153A471}.Release|Any CPU.Build.0 = Release|Any CPU
	EndGlobalSection
	GlobalSection(SolutionProperties) = preSolution
		HideSolutionNode = FALSE
	EndGlobalSection
	GlobalSection(ExtensibilityGlobals) = postSolution
		SolutionGuid = {AE932CCD-D4C7-48B4-B239-8316D5AC8F5E}
	EndGlobalSection
EndGlobal
