
Microsoft Visual Studio Solution File, Format Version 12.00
# Visual Studio Version 16
VisualStudioVersion = 16.0.31129.286
MinimumVisualStudioVersion = 10.0.40219.1
Project("{9A19103F-16F7-4668-BE54-9A1E7A4F7556}") = "CompositePro", "CompositePro\CompositePro.csproj", "{F319449C-6AA1-4911-BDCA-1E978BF09472}"
EndProject
Project("{FAE04EC0-301F-11D3-BF4B-00C04F79EFBC}") = "NeuronPro", "NeuronPro\NeuronPro.csproj", "{EAD29BAD-91BE-450F-B1CA-98AE9EAC670B}"
EndProject
Project("{FAE04EC0-301F-11D3-BF4B-00C04F79EFBC}") = "CompositeSpecPro", "CompositeSpecPro\CompositeSpecPro.csproj", "{D195B2BD-0008-4BA0-BB68-0BAF1E8ED81C}"
EndProject
Global
	GlobalSection(SolutionConfigurationPlatforms) = preSolution
		Debug|Any CPU = Debug|Any CPU
		Release|Any CPU = Release|Any CPU
	EndGlobalSection
	GlobalSection(ProjectConfigurationPlatforms) = postSolution
		{F319449C-6AA1-4911-BDCA-1E978BF09472}.Debug|Any CPU.ActiveCfg = Debug|Any CPU
		{F319449C-6AA1-4911-BDCA-1E978BF09472}.Debug|Any CPU.Build.0 = Debug|Any CPU
		{F319449C-6AA1-4911-BDCA-1E978BF09472}.Release|Any CPU.ActiveCfg = Release|Any CPU
		{F319449C-6AA1-4911-BDCA-1E978BF09472}.Release|Any CPU.Build.0 = Release|Any CPU
		{EAD29BAD-91BE-450F-B1CA-98AE9EAC670B}.Debug|Any CPU.ActiveCfg = Debug|Any CPU
		{EAD29BAD-91BE-450F-B1CA-98AE9EAC670B}.Debug|Any CPU.Build.0 = Debug|Any CPU
		{EAD29BAD-91BE-450F-B1CA-98AE9EAC670B}.Release|Any CPU.ActiveCfg = Release|Any CPU
		{EAD29BAD-91BE-450F-B1CA-98AE9EAC670B}.Release|Any CPU.Build.0 = Release|Any CPU
		{D195B2BD-0008-4BA0-BB68-0BAF1E8ED81C}.Debug|Any CPU.ActiveCfg = Debug|Any CPU
		{D195B2BD-0008-4BA0-BB68-0BAF1E8ED81C}.Debug|Any CPU.Build.0 = Debug|Any CPU
		{D195B2BD-0008-4BA0-BB68-0BAF1E8ED81C}.Release|Any CPU.ActiveCfg = Release|Any CPU
		{D195B2BD-0008-4BA0-BB68-0BAF1E8ED81C}.Release|Any CPU.Build.0 = Release|Any CPU
	EndGlobalSection
	GlobalSection(SolutionProperties) = preSolution
		HideSolutionNode = FALSE
	EndGlobalSection
	GlobalSection(ExtensibilityGlobals) = postSolution
		SolutionGuid = {2BF7588D-5760-4FDE-9048-293FEAA2B4AF}
	EndGlobalSection
EndGlobal
